
Microsoft Visual Studio Solution File, Format Version 12.00
# Visual Studio 15
VisualStudioVersion = 15.0.28307.1778
MinimumVisualStudioVersion = 10.0.40219.1
Project("{FAE04EC0-301F-11D3-BF4B-00C04F79EFBC}") = "Repository", "Repository\Repository.csproj", "{C10B8ADA-D862-48BF-8721-0B472178C66B}"
EndProject
Project("{FAE04EC0-301F-11D3-BF4B-00C04F79EFBC}") = "DAL", "DAL\DAL.csproj", "{93FCF3B6-6267-4A06-A708-81F2B33C7303}"
EndProject
Project("{FAE04EC0-301F-11D3-BF4B-00C04F79EFBC}") = "Shared", "Shared\Shared.csproj", "{89681A55-D552-4171-BBA5-BD3C081B2A49}"
EndProject
Project("{FAE04EC0-301F-11D3-BF4B-00C04F79EFBC}") = "TaskMangmentSYS", "TaskMangmentSYS\TaskMangmentSYS.csproj", "{8472B81F-6D81-45F6-A518-163AF280343A}"
EndProject
Global
	GlobalSection(SolutionConfigurationPlatforms) = preSolution
		Debug|Any CPU = Debug|Any CPU
		Release|Any CPU = Release|Any CPU
	EndGlobalSection
	GlobalSection(ProjectConfigurationPlatforms) = postSolution
		{C10B8ADA-D862-48BF-8721-0B472178C66B}.Debug|Any CPU.ActiveCfg = Debug|Any CPU
		{C10B8ADA-D862-48BF-8721-0B472178C66B}.Debug|Any CPU.Build.0 = Debug|Any CPU
		{C10B8ADA-D862-48BF-8721-0B472178C66B}.Release|Any CPU.ActiveCfg = Release|Any CPU
		{C10B8ADA-D862-48BF-8721-0B472178C66B}.Release|Any CPU.Build.0 = Release|Any CPU
		{93FCF3B6-6267-4A06-A708-81F2B33C7303}.Debug|Any CPU.ActiveCfg = Debug|Any CPU
		{93FCF3B6-6267-4A06-A708-81F2B33C7303}.Debug|Any CPU.Build.0 = Debug|Any CPU
		{93FCF3B6-6267-4A06-A708-81F2B33C7303}.Release|Any CPU.ActiveCfg = Release|Any CPU
		{93FCF3B6-6267-4A06-A708-81F2B33C7303}.Release|Any CPU.Build.0 = Release|Any CPU
		{89681A55-D552-4171-BBA5-BD3C081B2A49}.Debug|Any CPU.ActiveCfg = Debug|Any CPU
		{89681A55-D552-4171-BBA5-BD3C081B2A49}.Debug|Any CPU.Build.0 = Debug|Any CPU
		{89681A55-D552-4171-BBA5-BD3C081B2A49}.Release|Any CPU.ActiveCfg = Release|Any CPU
		{89681A55-D552-4171-BBA5-BD3C081B2A49}.Release|Any CPU.Build.0 = Release|Any CPU
		{8472B81F-6D81-45F6-A518-163AF280343A}.Debug|Any CPU.ActiveCfg = Debug|Any CPU
		{8472B81F-6D81-45F6-A518-163AF280343A}.Debug|Any CPU.Build.0 = Debug|Any CPU
		{8472B81F-6D81-45F6-A518-163AF280343A}.Release|Any CPU.ActiveCfg = Release|Any CPU
		{8472B81F-6D81-45F6-A518-163AF280343A}.Release|Any CPU.Build.0 = Release|Any CPU
	EndGlobalSection
	GlobalSection(SolutionProperties) = preSolution
		HideSolutionNode = FALSE
	EndGlobalSection
	GlobalSection(ExtensibilityGlobals) = postSolution
		SolutionGuid = {3268E70F-95A4-4032-89C7-B553F1AF2C64}
	EndGlobalSection
EndGlobal
